hash: 79acad1287ae5a0f286e5a8e7d848279435cf395b1c1f259619337b6feb94ea0
updated: 2017-08-27T15:59:57.293252467+09:00
imports:
- name: github.com/buaazp/fasthttprouter
  version: ade4e2031af3aed7fffd241084aad80a58faf421
- name: github.com/BurntSushi/toml
  version: a368813c5e648fee92e5f6c30e3944ff9d5e8895
- name: github.com/go-sql-driver/mysql
  version: 26471af196a17ee75a22e6481b5a5897fb16b081
- name: github.com/klauspost/compress
  version: f3dce52e0576655d55fd69e74b63da96ad1108f3
  subpackages:
  - flate
  - gzip
  - zlib
- name: github.com/klauspost/cpuid
  version: 09cded8978dc9e80714c4d85b0322337b0a1e5e0
- name: github.com/valyala/bytebufferpool
  version: e746df99fe4a3986f4d4f79e13c1e0117ce9c2f7
- name: github.com/valyala/fasthttp
  version: 52a0993b96f032dea57fa93081d7c0a1aa906430
  subpackages:
  - fasthttputil
  - stackless
- name: github.com/valyala/quicktemplate
  version: 6abbd1b822699a4925c76df1740b266f17c2c9ae
  subpackages:
  - qtc
testImports: []
